# This file was autogenerated by uv via the following command:
#    uv pip compile requirements.txt --output-file requirements.lock
aiohappyeyeballs==2.7.1
    # via
    #   aiohttp
    #   ccxt
aiohttp==3.14.3
    # via
    #   -r requirements.txt
    #   aiohttp-fast-zlib
    #   ccxt
    #   litellm
aiohttp-fast-zlib==0.3.0
    # via ccxt
aiosignal==1.4.0
    # via
    #   aiohttp
    #   ccxt
akshare==1.18.81
    # via -r requirements.txt
amqp==5.3.1
    # via kombu
annotated-types==0.7.0
    # via pydantic
antlr4-python3-runtime==4.9.3
    # via omegaconf
anyio==4.14.1
    # via
    #   httpx
    #   openai
apispec==6.10.0
    # via flask-smorest
attrs==26.1.0
    # via
    #   aiohttp
    #   ccxt
    #   jsonschema
    #   referencing
bcrypt==5.0.0
    # via -r requirements.txt
beautifulsoup4==4.15.0
    # via
    #   akshare
    #   yfinance
billiard==4.2.4
    # via celery
blinker==1.9.0
    # via flask
build==1.5.0
    # via ta-lib
ccxt==4.5.73
    # via -r requirements.txt
celery==5.6.3
    # via -r requirements.txt
certifi==2026.6.17
    # via
    #   -r requirements.txt
    #   ccxt
    #   curl-cffi
    #   httpcore
    #   httpx
    #   requests
cffi==2.0.0
    # via
    #   ccxt
    #   cryptography
    #   curl-cffi
charset-normalizer==3.4.7
    # via
    #   ccxt
    #   reportlab
    #   requests
click==8.4.2
    # via
    #   celery
    #   click-didyoumean
    #   click-plugins
    #   click-repl
    #   flask
    #   huggingface-hub
    #   litellm
click-didyoumean==0.3.1
    # via celery
click-plugins==1.1.1.2
    # via celery
click-repl==0.3.0
    # via celery
coincurve==21.0.0
    # via ccxt
colorama==0.4.6
    # via
    #   build
    #   click
    #   colorlog
    #   qrcode
    #   tqdm
colorlog==6.12.0
    # via rapidocr
cryptography==50.0.0
    # via
    #   -r requirements.txt
    #   ccxt
curl-cffi==0.15.0
    # via
    #   akshare
    #   yfinance
decorator==5.3.1
    # via akshare
deprecated==1.3.1
    # via nodriver
distro==1.9.0
    # via openai
et-xmlfile==2.0.0
    # via openpyxl
exchange-calendars==4.13.2
    # via -r requirements.txt
fastuuid==0.14.0
    # via litellm
filelock==3.29.7
    # via huggingface-hub
finnhub-python==2.4.29
    # via -r requirements.txt
flask==3.1.3
    # via
    #   -r requirements.txt
    #   flask-cors
    #   flask-smorest
flask-cors==6.0.5
    # via -r requirements.txt
flask-smorest==0.47.0
    # via -r requirements.txt
flatbuffers==25.12.19
    # via onnxruntime
frozenlist==1.8.0
    # via
    #   aiohttp
    #   aiosignal
    #   ccxt
fsspec==2026.6.0
    # via huggingface-hub
gunicorn==26.0.0
    # via -r requirements.txt
h11==0.16.0
    # via httpcore
html5lib==1.1
    # via akshare
httpcore==1.0.9
    # via httpx
httpx==0.28.1
    # via
    #   huggingface-hub
    #   litellm
    #   openai
huggingface-hub==1.23.0
    # via tokenizers
idna==3.18
    # via
    #   anyio
    #   ccxt
    #   httpx
    #   requests
    #   yarl
importlib-metadata==8.9.0
    # via litellm
itsdangerous==2.2.0
    # via flask
jinja2==3.1.6
    # via
    #   flask
    #   litellm
jiter==0.16.0
    # via openai
jsonpath==0.82.2
    # via akshare
jsonschema==4.26.0
    # via litellm
jsonschema-specifications==2025.9.1
    # via jsonschema
kombu==5.6.2
    # via celery
korean-lunar-calendar==0.4.0
    # via exchange-calendars
litellm==1.93.1
    # via -r requirements.txt
lxml==6.1.1
    # via akshare
markdown-it-py==4.2.0
    # via rich
markupsafe==3.0.3
    # via
    #   flask
    #   jinja2
    #   werkzeug
marshmallow==4.3.0
    # via
    #   -r requirements.txt
    #   apispec
    #   flask-smorest
    #   webargs
mdurl==0.1.2
    # via markdown-it-py
mini-racer==0.14.1
    # via akshare
mss==10.2.0
    # via nodriver
multidict==6.7.1
    # via
    #   aiohttp
    #   ccxt
    #   yarl
multitasking==0.0.13
    # via yfinance
nodriver==0.50.1
    # via -r requirements.txt
numpy==2.5.1
    # via
    #   exchange-calendars
    #   onnxruntime
    #   opencv-python
    #   pandas
    #   rapidocr
    #   shapely
    #   ta-lib
    #   yfinance
omegaconf==2.3.1
    # via rapidocr
onnxruntime==1.29.0
    # via -r requirements.txt
openai==2.45.0
    # via litellm
opencv-python==5.0.0.93
    # via rapidocr
openpyxl==3.1.5
    # via akshare
orjson==3.11.9
    # via ccxt
packaging==26.2
    # via
    #   apispec
    #   build
    #   gunicorn
    #   huggingface-hub
    #   kombu
    #   onnxruntime
    #   webargs
pandas==3.0.5
    # via
    #   -r requirements.txt
    #   akshare
    #   exchange-calendars
    #   yfinance
peewee==4.1.2
    # via yfinance
pillow==12.3.0
    # via
    #   qrcode
    #   rapidocr
    #   reportlab
platformdirs==4.10.0
    # via yfinance
prometheus-client==0.26.0
    # via -r requirements.txt
prompt-toolkit==3.0.52
    # via click-repl
propcache==0.5.2
    # via
    #   aiohttp
    #   ccxt
    #   yarl
protobuf==7.35.1
    # via
    #   onnxruntime
    #   yfinance
psycopg2-binary==2.9.12
    # via -r requirements.txt
pyclipper==1.4.0
    # via rapidocr
pycparser==3.0
    # via
    #   ccxt
    #   cffi
pydantic==2.13.4
    # via
    #   litellm
    #   openai
pydantic-core==2.46.4
    # via pydantic
pygments==2.20.0
    # via rich
pyjwt==2.13.0
    # via -r requirements.txt
pyluach==2.3.0
    # via exchange-calendars
pyotp==2.10.0
    # via -r requirements.txt
pypdf==6.15.0
    # via -r requirements.txt
pyproject-hooks==1.2.0
    # via build
pysocks==1.7.1
    # via -r requirements.txt
python-dateutil==2.9.0.post0
    # via
    #   celery
    #   pandas
python-dotenv==1.2.2
    # via
    #   -r requirements.txt
    #   litellm
pytz==2026.2
    # via yfinance
pyyaml==6.0.3
    # via
    #   -r requirements.txt
    #   huggingface-hub
    #   omegaconf
    #   rapidocr
qrcode==8.2
    # via -r requirements.txt
rapidocr==3.9.2
    # via -r requirements.txt
redis==6.4.0
    # via
    #   -r requirements.txt
    #   kombu
referencing==0.37.0
    # via
    #   jsonschema
    #   jsonschema-specifications
regex==2026.7.10
    # via tiktoken
reportlab==5.0.0
    # via -r requirements.txt
requests==2.34.2
    # via
    #   -r requirements.txt
    #   akshare
    #   ccxt
    #   finnhub-python
    #   rapidocr
    #   tiktoken
    #   yfinance
rich==15.0.0
    # via curl-cffi
rpds-py==2026.6.3
    # via
    #   jsonschema
    #   referencing
shapely==2.1.2
    # via rapidocr
six==1.17.0
    # via
    #   html5lib
    #   python-dateutil
    #   rapidocr
sniffio==1.3.1
    # via openai
soupsieve==2.8.4
    # via beautifulsoup4
ta-lib==0.7.1
    # via -r requirements.txt
tabulate==0.10.0
    # via akshare
tiktoken==0.13.0
    # via litellm
tokenizers==0.23.1
    # via litellm
toolz==1.1.0
    # via exchange-calendars
tqdm==4.68.4
    # via
    #   akshare
    #   huggingface-hub
    #   openai
    #   rapidocr
typing-extensions==4.16.0
    # via
    #   aiohttp
    #   aiosignal
    #   anyio
    #   beautifulsoup4
    #   ccxt
    #   huggingface-hub
    #   openai
    #   pydantic
    #   pydantic-core
    #   referencing
    #   typing-inspection
typing-inspection==0.4.2
    # via pydantic
tzdata==2026.3
    # via
    #   exchange-calendars
    #   kombu
    #   pandas
    #   tzlocal
tzlocal==5.4.4
    # via celery
urllib3==2.7.0
    # via
    #   akshare
    #   ccxt
    #   requests
vine==5.1.0
    # via
    #   amqp
    #   celery
    #   kombu
wcwidth==0.8.2
    # via prompt-toolkit
webargs==8.7.1
    # via flask-smorest
webencodings==0.5.1
    # via html5lib
websocket-client==1.9.0
    # via -r requirements.txt
websockets==16.1
    # via
    #   nodriver
    #   yfinance
werkzeug==3.1.8
    # via
    #   -r requirements.txt
    #   flask
    #   flask-cors
    #   flask-smorest
winloop==0.6.3
    # via ccxt
wrapt==2.3.0
    # via deprecated
xlrd==2.0.2
    # via akshare
yarl==1.24.2
    # via
    #   aiohttp
    #   ccxt
yfinance==1.5.2
    # via -r requirements.txt
zipp==4.1.0
    # via importlib-metadata
zlib-ng==1.0.0
    # via ccxt
